
Microsoft Visual Studio Solution File, Format Version 12.00
# Visual Studio Version 17
VisualStudioVersion = 17.10.35013.160
MinimumVisualStudioVersion = 10.0.40219.1
Project("{FAE04EC0-301F-11D3-BF4B-00C04F79EFBC}") = "Pry-GestorDeTareas", "Pry-GestorDeTareas\Pry-GestorDeTareas.csproj", "{487DAC21-4918-475F-9FF5-8334EFBC854A}"
EndProject
Global
	GlobalSection(SolutionConfigurationPlatforms) = preSolution
		Debug|Any CPU = Debug|Any CPU
		Release|Any CPU = Release|Any CPU
	EndGlobalSection
	GlobalSection(ProjectConfigurationPlatforms) = postSolution
		{487DAC21-4918-475F-9FF5-8334EFBC854A}.Debug|Any CPU.ActiveCfg = Debug|Any CPU
		{487DAC21-4918-475F-9FF5-8334EFBC854A}.Debug|Any CPU.Build.0 = Debug|Any CPU
		{487DAC21-4918-475F-9FF5-8334EFBC854A}.Release|Any CPU.ActiveCfg = Release|Any CPU
		{487DAC21-4918-475F-9FF5-8334EFBC854A}.Release|Any CPU.Build.0 = Release|Any CPU
	EndGlobalSection
	GlobalSection(SolutionProperties) = preSolution
		HideSolutionNode = FALSE
	EndGlobalSection
	GlobalSection(ExtensibilityGlobals) = postSolution
		SolutionGuid = {82EE38DD-F507-4FF7-AE85-EBD04FD20725}
	EndGlobalSection
EndGlobal
